{
  "lockfileVersion": 1,
  "workspaces": {
    "": {
      "name": "portedlib",
      "dependencies": {
        "@tensorflow/tfjs-converter": "^4.22.0",
        "@vladmandic/human": "^3.3.5",
      },
      "devDependencies": {
        "@tensorflow/tfjs-core": "^4.22.0",
        "@types/bun": "latest",
      },
      "peerDependencies": {
        "typescript": "^5.0.0",
      },
    },
  },
  "packages": {
    "@tensorflow/tfjs-converter": ["@tensorflow/tfjs-converter@4.22.0", "", { "peerDependencies": { "@tensorflow/tfjs-core": "4.22.0" } }, "sha512-PT43MGlnzIo+YfbsjM79Lxk9lOq6uUwZuCc8rrp0hfpLjF6Jv8jS84u2jFb+WpUeuF4K33ZDNx8CjiYrGQ2trQ=="],

    "@tensorflow/tfjs-core": ["@tensorflow/tfjs-core@4.22.0", "", { "dependencies": { "@types/long": "^4.0.1", "@types/offscreencanvas": "~2019.7.0", "@types/seedrandom": "^2.4.28", "@webgpu/types": "0.1.38", "long": "4.0.0", "node-fetch": "~2.6.1", "seedrandom": "^3.0.5" } }, "sha512-LEkOyzbknKFoWUwfkr59vSB68DMJ4cjwwHgicXN0DUi3a0Vh1Er3JQqCI1Hl86GGZQvY8ezVrtDIvqR1ZFW55A=="],

    "@types/bun": ["@types/bun@1.2.17", "", { "dependencies": { "bun-types": "1.2.17" } }, "sha512-l/BYs/JYt+cXA/0+wUhulYJB6a6p//GTPiJ7nV+QHa8iiId4HZmnu/3J/SowP5g0rTiERY2kfGKXEK5Ehltx4Q=="],

    "@types/long": ["@types/long@4.0.2", "", {}, "sha512-MqTGEo5bj5t157U6fA/BiDynNkn0YknVdh48CMPkTSpFTVmvao5UQmm7uEF6xBEo7qIMAlY/JSleYaE6VOdpaA=="],

    "@types/node": ["@types/node@24.0.10", "", { "dependencies": { "undici-types": "~7.8.0" } }, "sha512-ENHwaH+JIRTDIEEbDK6QSQntAYGtbvdDXnMXnZaZ6k13Du1dPMmprkEHIL7ok2Wl2aZevetwTAb5S+7yIF+enA=="],

    "@types/offscreencanvas": ["@types/offscreencanvas@2019.7.3", "", {}, "sha512-ieXiYmgSRXUDeOntE1InxjWyvEelZGP63M+cGuquuRLuIKKT1osnkXjxev9B7d1nXSug5vpunx+gNlbVxMlC9A=="],

    "@types/seedrandom": ["@types/seedrandom@2.4.34", "", {}, "sha512-ytDiArvrn/3Xk6/vtylys5tlY6eo7Ane0hvcx++TKo6RxQXuVfW0AF/oeWqAj9dN29SyhtawuXstgmPlwNcv/A=="],

    "@vladmandic/human": ["@vladmandic/human@3.3.5", "", {}, "sha512-fmD2BSczf6NxnSY4LgxmXTQOegwfglcPCQRNHqNXyVN77d9U0nTHKSAhhQ2eQTzu4rhR/xTYeqx9wjv+E4lC5g=="],

    "@webgpu/types": ["@webgpu/types@0.1.38", "", {}, "sha512-7LrhVKz2PRh+DD7+S+PVaFd5HxaWQvoMqBbsV9fNJO1pjUs1P8bM2vQVNfk+3URTqbuTI7gkXi0rfsN0IadoBA=="],

    "bun-types": ["bun-types@1.2.17", "", { "dependencies": { "@types/node": "*" } }, "sha512-ElC7ItwT3SCQwYZDYoAH+q6KT4Fxjl8DtZ6qDulUFBmXA8YB4xo+l54J9ZJN+k2pphfn9vk7kfubeSd5QfTVJQ=="],

    "long": ["long@4.0.0", "", {}, "sha512-XsP+KhQif4bjX1kbuSiySJFNAehNxgLb6hPRGJ9QsUr8ajHkuXGdrHmFUTUUXhDwVX2R5bY4JNZEwbUiMhV+MA=="],

    "node-fetch": ["node-fetch@2.6.13", "", { "dependencies": { "whatwg-url": "^5.0.0" }, "peerDependencies": { "encoding": "^0.1.0" }, "optionalPeers": ["encoding"] }, "sha512-StxNAxh15zr77QvvkmveSQ8uCQ4+v5FkvNTj0OESmiHu+VRi/gXArXtkWMElOsOUNLtUEvI4yS+rdtOHZTwlQA=="],

    "seedrandom": ["seedrandom@3.0.5", "", {}, "sha512-8OwmbklUNzwezjGInmZ+2clQmExQPvomqjL7LFqOYqtmuxRgQYqOD3mHaU+MvZn5FLUeVxVfQjwLZW/n/JFuqg=="],

    "tr46": ["tr46@0.0.3", "", {}, "sha512-N3WMsuqV66lT30CrXNbEjx4GEwlow3v6rr4mCcv6prnfwhS01rkgyFdjPNBYd9br7LpXV1+Emh01fHnq2Gdgrw=="],

    "typescript": ["typescript@5.8.3", "", { "bin": { "tsc": "bin/tsc", "tsserver": "bin/tsserver" } }, "sha512-p1diW6TqL9L07nNxvRMM7hMMw4c5XOo/1ibL4aAIGmSAt9slTE1Xgw5KWuof2uTOvCg9BY7ZRi+GaF+7sfgPeQ=="],

    "undici-types": ["undici-types@7.8.0", "", {}, "sha512-9UJ2xGDvQ43tYyVMpuHlsgApydB8ZKfVYTsLDhXkFL/6gfkp+U8xTGdh8pMJv1SpZna0zxG1DwsKZsreLbXBxw=="],

    "webidl-conversions": ["webidl-conversions@3.0.1", "", {}, "sha512-2JAn3z8AR6rjK8Sm8orRC0h/bcl/DqL7tRPdGZ4I1CjdF+EaMLmYxBHyXuKL849eucPFhvBoxMsflfOb8kxaeQ=="],

    "whatwg-url": ["whatwg-url@5.0.0", "", { "dependencies": { "tr46": "~0.0.3", "webidl-conversions": "^3.0.0" } }, "sha512-saE57nupxk6v3HY35+jzBwYa0rKSy0XR8JSxZPwgLr7ys0IBzhGviA1/TUGJLmSVqs8pb9AnvICXEuOHLprYTw=="],
  }
}
